// !$*UTF8*$!
{
	archiveVersion = 1;
	classes = {
	};
	objectVersion = 51;
	objects = {

/* Begin PBXBuildFile section */
		0B1848DE0261155977D0D5D0 /* Pods_TomatoClockTests.framework in Frameworks */ = {isa = PBXBuildFile; fileRef = 57FFFBCCD4505DD0C18F634C /* Pods_TomatoClockTests.framework */; };
		12B04EEDA01293D553ACDBBC /* Pods_TomatoClock_TomatoClockUITests.framework in Frameworks */ = {isa = PBXBuildFile; fileRef = 2A26CB6AF71DB1B411435DD0 /* Pods_TomatoClock_TomatoClockUITests.framework */; };
		5FF43DBA25B1650B00071912 /* AppDelegate.m in Sources */ = {isa = PBXBuildFile; fileRef = 5FF43DB925B1650B00071912 /* AppDelegate.m */; };
		5FF43DBD25B1650B00071912 /* SceneDelegate.m in Sources */ = {isa = PBXBuildFile; fileRef = 5FF43DBC25B1650B00071912 /* SceneDelegate.m */; };
		5FF43DC025B1650B00071912 /* ViewController.m in Sources */ = {isa = PBXBuildFile; fileRef = 5FF43DBF25B1650B00071912 /* ViewController.m */; };
		5FF43DC325B1650B00071912 /* Main.storyboard in Resources */ = {isa = PBXBuildFile; fileRef = 5FF43DC125B1650B00071912 /* Main.storyboard */; };
		5FF43DC525B1650C00071912 /* Assets.xcassets in Resources */ = {isa = PBXBuildFile; fileRef = 5FF43DC425B1650C00071912 /* Assets.xcassets */; };
		5FF43DC825B1650C00071912 /* LaunchScreen.storyboard in Resources */ = {isa = PBXBuildFile; fileRef = 5FF43DC625B1650C00071912 /* LaunchScreen.storyboard */; };
		5FF43DCB25B1650C00071912 /* main.m in Sources */ = {isa = PBXBuildFile; fileRef = 5FF43DCA25B1650C00071912 /* main.m */; };
		5FF43DD525B1650C00071912 /* TomatoClockTests.m in Sources */ = {isa = PBXBuildFile; fileRef = 5FF43DD425B1650C00071912 /* TomatoClockTests.m */; };
		5FF43DE025B1650C00071912 /* TomatoClockUITests.m in Sources */ = {isa = PBXBuildFile; fileRef = 5FF43DDF25B1650C00071912 /* TomatoClockUITests.m */; };
		5FF43DFF25B1721700071912 /* NSString+TimeString.m in Sources */ = {isa = PBXBuildFile; fileRef = 5FF43DFE25B1721700071912 /* NSString+TimeString.m */; };
		793FF9BD4C2DCF5B94550DC3 /* Pods_TomatoClock.framework in Frameworks */ = {isa = PBXBuildFile; fileRef = EB45D5FFB0DC421B663C6ECD /* Pods_TomatoClock.framework */; };
/* End PBXBuildFile section */

/* Begin PBXContainerItemProxy section */
		5FF43DD125B1650C00071912 /* PBXContainerItemProxy */ = {
			isa = PBXContainerItemProxy;
			containerPortal = 5FF43DAD25B1650B00071912 /* Project object */;
			proxyType = 1;
			remoteGlobalIDString = 5FF43DB425B1650B00071912;
			remoteInfo = TomatoClock;
		};
		5FF43DDC25B1650C00071912 /* PBXContainerItemProxy */ = {
			isa = PBXContainerItemProxy;
			containerPortal = 5FF43DAD25B1650B00071912 /* Project object */;
			proxyType = 1;
			remoteGlobalIDString = 5FF43DB425B1650B00071912;
			remoteInfo = TomatoClock;
		};
/* End PBXContainerItemProxy section */

/* Begin PBXFileReference section */
		2A26CB6AF71DB1B411435DD0 /* Pods_TomatoClock_TomatoClockUITests.framework */ = {isa = PBXFileReference; explicitFileType = wrapper.framework; includeInIndex = 0; path = Pods_TomatoClock_TomatoClockUITests.framework; sourceTree = BUILT_PRODUCTS_DIR; };
		36026B94AE4F235B4CCAFD56 /* Pods-TomatoClockTests.debug.xcconfig */ = {isa = PBXFileReference; includeInIndex = 1; lastKnownFileType = text.xcconfig; name = "Pods-TomatoClockTests.debug.xcconfig"; path = "Target Support Files/Pods-TomatoClockTests/Pods-TomatoClockTests.debug.xcconfig"; sourceTree = "<group>"; };
		57FFFBCCD4505DD0C18F634C /* Pods_TomatoClockTests.framework */ = {isa = PBXFileReference; explicitFileType = wrapper.framework; includeInIndex = 0; path = Pods_TomatoClockTests.framework; sourceTree = BUILT_PRODUCTS_DIR; };
		5E8D2F2933C27E4DEFB6D8B8 /* Pods-TomatoClock.release.xcconfig */ = {isa = PBXFileReference; includeInIndex = 1; lastKnownFileType = text.xcconfig; name = "Pods-TomatoClock.release.xcconfig"; path = "Target Support Files/Pods-TomatoClock/Pods-TomatoClock.release.xcconfig"; sourceTree = "<group>"; };
		5FF43DB525B1650B00071912 /* TomatoClock.app */ = {isa = PBXFileReference; explicitFileType = wrapper.application; includeInIndex = 0; path = TomatoClock.app; sourceTree = BUILT_PRODUCTS_DIR; };
		5FF43DB825B1650B00071912 /* AppDelegate.h */ = {isa = PBXFileReference; lastKnownFileType = sourcecode.c.h; path = AppDelegate.h; sourceTree = "<group>"; };
		5FF43DB925B1650B00071912 /* AppDelegate.m */ = {isa = PBXFileReference; lastKnownFileType = sourcecode.c.objc; path = AppDelegate.m; sourceTree = "<group>"; };
		5FF43DBB25B1650B00071912 /* SceneDelegate.h */ = {isa = PBXFileReference; lastKnownFileType = sourcecode.c.h; path = SceneDelegate.h; sourceTree = "<group>"; };
		5FF43DBC25B1650B00071912 /* SceneDelegate.m */ = {isa = PBXFileReference; lastKnownFileType = sourcecode.c.objc; path = SceneDelegate.m; sourceTree = "<group>"; };
		5FF43DBE25B1650B00071912 /* ViewController.h */ = {isa = PBXFileReference; lastKnownFileType = sourcecode.c.h; path = ViewController.h; sourceTree = "<group>"; };
		5FF43DBF25B1650B00071912 /* ViewController.m */ = {isa = PBXFileReference; lastKnownFileType = sourcecode.c.objc; path = ViewController.m; sourceTree = "<group>"; };
		5FF43DC225B1650B00071912 /* Base */ = {isa = PBXFileReference; lastKnownFileType = file.storyboard; name = Base; path = Base.lproj/Main.storyboard; sourceTree = "<group>"; };
		5FF43DC425B1650C00071912 /* Assets.xcassets */ = {isa = PBXFileReference; lastKnownFileType = folder.assetcatalog; path = Assets.xcassets; sourceTree = "<group>"; };
		5FF43DC725B1650C00071912 /* Base */ = {isa = PBXFileReference; lastKnownFileType = file.storyboard; name = Base; path = Base.lproj/LaunchScreen.storyboard; sourceTree = "<group>"; };
		5FF43DC925B1650C00071912 /* Info.plist */ = {isa = PBXFileReference; lastKnownFileType = text.plist.xml; path = Info.plist; sourceTree = "<group>"; };
		5FF43DCA25B1650C00071912 /* main.m */ = {isa = PBXFileReference; lastKnownFileType = sourcecode.c.objc; path = main.m; sourceTree = "<group>"; };
		5FF43DD025B1650C00071912 /* TomatoClockTests.xctest */ = {isa = PBXFileReference; explicitFileType = wrapper.cfbundle; includeInIndex = 0; path = TomatoClockTests.xctest; sourceTree = BUILT_PRODUCTS_DIR; };
		5FF43DD425B1650C00071912 /* TomatoClockTests.m */ = {isa = PBXFileReference; lastKnownFileType = sourcecode.c.objc; path = TomatoClockTests.m; sourceTree = "<group>"; };
		5FF43DD625B1650C00071912 /* Info.plist */ = {isa = PBXFileReference; lastKnownFileType = text.plist.xml; path = Info.plist; sourceTree = "<group>"; };
		5FF43DDB25B1650C00071912 /* TomatoClockUITests.xctest */ = {isa = PBXFileReference; explicitFileType = wrapper.cfbundle; includeInIndex = 0; path = TomatoClockUITests.xctest; sourceTree = BUILT_PRODUCTS_DIR; };
		5FF43DDF25B1650C00071912 /* TomatoClockUITests.m */ = {isa = PBXFileReference; lastKnownFileType = sourcecode.c.objc; path = TomatoClockUITests.m; sourceTree = "<group>"; };
		5FF43DE125B1650C00071912 /* Info.plist */ = {isa = PBXFileReference; lastKnownFileType = text.plist.xml; path = Info.plist; sourceTree = "<group>"; };
		5FF43DFD25B1721700071912 /* NSString+TimeString.h */ = {isa = PBXFileReference; lastKnownFileType = sourcecode.c.h; path = "NSString+TimeString.h"; sourceTree = "<group>"; };
		5FF43DFE25B1721700071912 /* NSString+TimeString.m */ = {isa = PBXFileReference; lastKnownFileType = sourcecode.c.objc; path = "NSString+TimeString.m"; sourceTree = "<group>"; };
		9F4A8AD4BDEE1B7CE2263E69 /* Pods-TomatoClock.debug.xcconfig */ = {isa = PBXFileReference; includeInIndex = 1; lastKnownFileType = text.xcconfig; name = "Pods-TomatoClock.debug.xcconfig"; path = "Target Support Files/Pods-TomatoClock/Pods-TomatoClock.debug.xcconfig"; sourceTree = "<group>"; };
		C5D9EF479DF77B2C8B4A1266 /* Pods-TomatoClockTests.release.xcconfig */ = {isa = PBXFileReference; includeInIndex = 1; lastKnownFileType = text.xcconfig; name = "Pods-TomatoClockTests.release.xcconfig"; path = "Target Support Files/Pods-TomatoClockTests/Pods-TomatoClockTests.release.xcconfig"; sourceTree = "<group>"; };
		CED1DF9F5516A5B8A9055FAB /* Pods-TomatoClock-TomatoClockUITests.debug.xcconfig */ = {isa = PBXFileReference; includeInIndex = 1; lastKnownFileType = text.xcconfig; name = "Pods-TomatoClock-TomatoClockUITests.debug.xcconfig"; path = "Target Support Files/Pods-TomatoClock-TomatoClockUITests/Pods-TomatoClock-TomatoClockUITests.debug.xcconfig"; sourceTree = "<group>"; };
		DF54EBA45B715450EC6E6B92 /* Pods-TomatoClock-TomatoClockUITests.release.xcconfig */ = {isa = PBXFileReference; includeInIndex = 1; lastKnownFileType = text.xcconfig; name = "Pods-TomatoClock-TomatoClockUITests.release.xcconfig"; path = "Target Support Files/Pods-TomatoClock-TomatoClockUITests/Pods-TomatoClock-TomatoClockUITests.release.xcconfig"; sourceTree = "<group>"; };
		EB45D5FFB0DC421B663C6ECD /* Pods_TomatoClock.framework */ = {isa = PBXFileReference; explicitFileType = wrapper.framework; includeInIndex = 0; path = Pods_TomatoClock.framework; sourceTree = BUILT_PRODUCTS_DIR; };
/* End PBXFileReference section */

/* Begin PBXFrameworksBuildPhase section */
		5FF43DB225B1650B00071912 /* Frameworks */ = {
			isa = PBXFrameworksBuildPhase;
			buildActionMask = 2147483647;
			files = (
				793FF9BD4C2DCF5B94550DC3 /* Pods_TomatoClock.framework in Frameworks */,
			);
			runOnlyForDeploymentPostprocessing = 0;
		};
		5FF43DCD25B1650C00071912 /* Frameworks */ = {
			isa = PBXFrameworksBuildPhase;
			buildActionMask = 2147483647;
			files = (
				0B1848DE0261155977D0D5D0 /* Pods_TomatoClockTests.framework in Frameworks */,
			);
			runOnlyForDeploymentPostprocessing = 0;
		};
		5FF43DD825B1650C00071912 /* Frameworks */ = {
			isa = PBXFrameworksBuildPhase;
			buildActionMask = 2147483647;
			files = (
				12B04EEDA01293D553ACDBBC /* Pods_TomatoClock_TomatoClockUITests.framework in Frameworks */,
			);
			runOnlyForDeploymentPostprocessing = 0;
		};
/* End PBXFrameworksBuildPhase section */

/* Begin PBXGroup section */
		5FF43DAC25B1650B00071912 = {
			isa = PBXGroup;
			children = (
				5FF43DB725B1650B00071912 /* TomatoClock */,
				5FF43DD325B1650C00071912 /* TomatoClockTests */,
				5FF43DDE25B1650C00071912 /* TomatoClockUITests */,
				5FF43DB625B1650B00071912 /* Products */,
				874C63559642AB647A07FBF7 /* Pods */,
				6456DDDEB47E3ABE20640EC6 /* Frameworks */,
			);
			sourceTree = "<group>";
		};
		5FF43DB625B1650B00071912 /* Products */ = {
			isa = PBXGroup;
			children = (
				5FF43DB525B1650B00071912 /* TomatoClock.app */,
				5FF43DD025B1650C00071912 /* TomatoClockTests.xctest */,
				5FF43DDB25B1650C00071912 /* TomatoClockUITests.xctest */,
			);
			name = Products;
			sourceTree = "<group>";
		};
		5FF43DB725B1650B00071912 /* TomatoClock */ = {
			isa = PBXGroup;
			children = (
				5FF43DB825B1650B00071912 /* AppDelegate.h */,
				5FF43DB925B1650B00071912 /* AppDelegate.m */,
				5FF43DBB25B1650B00071912 /* SceneDelegate.h */,
				5FF43DBC25B1650B00071912 /* SceneDelegate.m */,
				5FF43DBE25B1650B00071912 /* ViewController.h */,
				5FF43DBF25B1650B00071912 /* ViewController.m */,
				5FF43DFD25B1721700071912 /* NSString+TimeString.h */,
				5FF43DFE25B1721700071912 /* NSString+TimeString.m */,
				5FF43DC125B1650B00071912 /* Main.storyboard */,
				5FF43DC425B1650C00071912 /* Assets.xcassets */,
				5FF43DC625B1650C00071912 /* LaunchScreen.storyboard */,
				5FF43DC925B1650C00071912 /* Info.plist */,
				5FF43DCA25B1650C00071912 /* main.m */,
			);
			path = TomatoClock;
			sourceTree = "<group>";
		};
		5FF43DD325B1650C00071912 /* TomatoClockTests */ = {
			isa = PBXGroup;
			children = (
				5FF43DD425B1650C00071912 /* TomatoClockTests.m */,
				5FF43DD625B1650C00071912 /* Info.plist */,
			);
			path = TomatoClockTests;
			sourceTree = "<group>";
		};
		5FF43DDE25B1650C00071912 /* TomatoClockUITests */ = {
			isa = PBXGroup;
			children = (
				5FF43DDF25B1650C00071912 /* TomatoClockUITests.m */,
				5FF43DE125B1650C00071912 /* Info.plist */,
			);
			path = TomatoClockUITests;
			sourceTree = "<group>";
		};
		6456DDDEB47E3ABE20640EC6 /* Frameworks */ = {
			isa = PBXGroup;
			children = (
				EB45D5FFB0DC421B663C6ECD /* Pods_TomatoClock.framework */,
				2A26CB6AF71DB1B411435DD0 /* Pods_TomatoClock_TomatoClockUITests.framework */,
				57FFFBCCD4505DD0C18F634C /* Pods_TomatoClockTests.framework */,
			);
			name = Frameworks;
			sourceTree = "<group>";
		};
		874C63559642AB647A07FBF7 /* Pods */ = {
			isa = PBXGroup;
			children = (
				9F4A8AD4BDEE1B7CE2263E69 /* Pods-TomatoClock.debug.xcconfig */,
				5E8D2F2933C27E4DEFB6D8B8 /* Pods-TomatoClock.release.xcconfig */,
				CED1DF9F5516A5B8A9055FAB /* Pods-TomatoClock-TomatoClockUITests.debug.xcconfig */,
				DF54EBA45B715450EC6E6B92 /* Pods-TomatoClock-TomatoClockUITests.release.xcconfig */,
				36026B94AE4F235B4CCAFD56 /* Pods-TomatoClockTests.debug.xcconfig */,
				C5D9EF479DF77B2C8B4A1266 /* Pods-TomatoClockTests.release.xcconfig */,
			);
			path = Pods;
			sourceTree = "<group>";
		};
/* End PBXGroup section */

/* Begin PBXNativeTarget section */
		5FF43DB425B1650B00071912 /* TomatoClock */ = {
			isa = PBXNativeTarget;
			buildConfigurationList = 5FF43DE425B1650C00071912 /* Build configuration list for PBXNativeTarget "TomatoClock" */;
			buildPhases = (
				157C2FD048FD4E9EB1BF8B0B /* [CP] Check Pods Manifest.lock */,
				5FF43DB125B1650B00071912 /* Sources */,
				5FF43DB225B1650B00071912 /* Frameworks */,
				5FF43DB325B1650B00071912 /* Resources */,
				59F65E4BE605B4BD95F2CC3B /* [CP] Embed Pods Frameworks */,
			);
			buildRules = (
			);
			dependencies = (
			);
			name = TomatoClock;
			productName = TomatoClock;
			productReference = 5FF43DB525B1650B00071912 /* TomatoClock.app */;
			productType = "com.apple.product-type.application";
		};
		5FF43DCF25B1650C00071912 /* TomatoClockTests */ = {
			isa = PBXNativeTarget;
			buildConfigurationList = 5FF43DE725B1650C00071912 /* Build configuration list for PBXNativeTarget "TomatoClockTests" */;
			buildPhases = (
				9ABEB7328AB576073E3E53BB /* [CP] Check Pods Manifest.lock */,
				5FF43DCC25B1650C00071912 /* Sources */,
				5FF43DCD25B1650C00071912 /* Frameworks */,
				5FF43DCE25B1650C00071912 /* Resources */,
			);
			buildRules = (
			);
			dependencies = (
				5FF43DD225B1650C00071912 /* PBXTargetDependency */,
			);
			name = TomatoClockTests;
			productName = TomatoClockTests;
			productReference = 5FF43DD025B1650C00071912 /* TomatoClockTests.xctest */;
			productType = "com.apple.product-type.bundle.unit-test";
		};
		5FF43DDA25B1650C00071912 /* TomatoClockUITests */ = {
			isa = PBXNativeTarget;
			buildConfigurationList = 5FF43DEA25B1650C00071912 /* Build configuration list for PBXNativeTarget "TomatoClockUITests" */;
			buildPhases = (
				EA08FFF8B1E34B9F96E4F8AB /* [CP] Check Pods Manifest.lock */,
				5FF43DD725B1650C00071912 /* Sources */,
				5FF43DD825B1650C00071912 /* Frameworks */,
				5FF43DD925B1650C00071912 /* Resources */,
				46FB5272579CFFB67B448DB8 /* [CP] Embed Pods Frameworks */,
			);
			buildRules = (
			);
			dependencies = (
				5FF43DDD25B1650C00071912 /* PBXTargetDependency */,
			);
			name = TomatoClockUITests;
			productName = TomatoClockUITests;
			productReference = 5FF43DDB25B1650C00071912 /* TomatoClockUITests.xctest */;
			productType = "com.apple.product-type.bundle.ui-testing";
		};
/* End PBXNativeTarget section */

/* Begin PBXProject section */
		5FF43DAD25B1650B00071912 /* Project object */ = {
			isa = PBXProject;
			attributes = {
				LastUpgradeCheck = 1230;
				TargetAttributes = {
					5FF43DB425B1650B00071912 = {
						CreatedOnToolsVersion = 12.3;
					};
					5FF43DCF25B1650C00071912 = {
						CreatedOnToolsVersion = 12.3;
						TestTargetID = 5FF43DB425B1650B00071912;
					};
					5FF43DDA25B1650C00071912 = {
						CreatedOnToolsVersion = 12.3;
						TestTargetID = 5FF43DB425B1650B00071912;
					};
				};
			};
			buildConfigurationList = 5FF43DB025B1650B00071912 /* Build configuration list for PBXProject "TomatoClock" */;
			compatibilityVersion = "Xcode 9.3";
			developmentRegion = en;
			hasScannedForEncodings = 0;
			knownRegions = (
				en,
				Base,
			);
			mainGroup = 5FF43DAC25B1650B00071912;
			productRefGroup = 5FF43DB625B1650B00071912 /* Products */;
			projectDirPath = "";
			projectRoot = "";
			targets = (
				5FF43DB425B1650B00071912 /* TomatoClock */,
				5FF43DCF25B1650C00071912 /* TomatoClockTests */,
				5FF43DDA25B1650C00071912 /* TomatoClockUITests */,
			);
		};
/* End PBXProject section */

/* Begin PBXResourcesBuildPhase section */
		5FF43DB325B1650B00071912 /* Resources */ = {
			isa = PBXResourcesBuildPhase;
			buildActionMask = 2147483647;
			files = (
				5FF43DC825B1650C00071912 /* LaunchScreen.storyboard in Resources */,
				5FF43DC525B1650C00071912 /* Assets.xcassets in Resources */,
				5FF43DC325B1650B00071912 /* Main.storyboard in Resources */,
			);
			runOnlyForDeploymentPostprocessing = 0;
		};
		5FF43DCE25B1650C00071912 /* Resources */ = {
			isa = PBXResourcesBuildPhase;
			buildActionMask = 2147483647;
			files = (
			);
			runOnlyForDeploymentPostprocessing = 0;
		};
		5FF43DD925B1650C00071912 /* Resources */ = {
			isa = PBXResourcesBuildPhase;
			buildActionMask = 2147483647;
			files = (
			);
			runOnlyForDeploymentPostprocessing = 0;
		};
/* End PBXResourcesBuildPhase section */

/* Begin PBXShellScriptBuildPhase section */
		157C2FD048FD4E9EB1BF8B0B /* [CP] Check Pods Manifest.lock */ = {
			isa = PBXShellScriptBuildPhase;
			buildActionMask = 2147483647;
			files = (
			);
			inputFileListPaths = (
			);
			inputPaths = (
				"${PODS_PODFILE_DIR_PATH}/Podfile.lock",
				"${PODS_ROOT}/Manifest.lock",
			);
			name = "[CP] Check Pods Manifest.lock";
			outputFileListPaths = (
			);
			outputPaths = (
				"$(DERIVED_FILE_DIR)/Pods-TomatoClock-checkManifestLockResult.txt",
			);
			runOnlyForDeploymentPostprocessing = 0;
			shellPath = /bin/sh;
			shellScript = "diff \"${PODS_PODFILE_DIR_PATH}/Podfile.lock\" \"${PODS_ROOT}/Manifest.lock\" > /dev/null\nif [ $? != 0 ] ; then\n    # print error to STDERR\n    echo \"error: The sandbox is not in sync with the Podfile.lock. Run 'pod install' or update your CocoaPods installation.\" >&2\n    exit 1\nfi\n# This output is used by Xcode 'outputs' to avoid re-running this script phase.\necho \"SUCCESS\" > \"${SCRIPT_OUTPUT_FILE_0}\"\n";
			showEnvVarsInLog = 0;
		};
		46FB5272579CFFB67B448DB8 /* [CP] Embed Pods Frameworks */ = {
			isa = PBXShellScriptBuildPhase;
			buildActionMask = 2147483647;
			files = (
			);
			inputFileListPaths = (
				"${PODS_ROOT}/Target Support Files/Pods-TomatoClock-TomatoClockUITests/Pods-TomatoClock-TomatoClockUITests-frameworks-${CONFIGURATION}-input-files.xcfilelist",
			);
			name = "[CP] Embed Pods Frameworks";
			outputFileListPaths = (
				"${PODS_ROOT}/Target Support Files/Pods-TomatoClock-TomatoClockUITests/Pods-TomatoClock-TomatoClockUITests-frameworks-${CONFIGURATION}-output-files.xcfilelist",
			);
			runOnlyForDeploymentPostprocessing = 0;
			shellPath = /bin/sh;
			shellScript = "\"${PODS_ROOT}/Target Support Files/Pods-TomatoClock-TomatoClockUITests/Pods-TomatoClock-TomatoClockUITests-frameworks.sh\"\n";
			showEnvVarsInLog = 0;
		};
		59F65E4BE605B4BD95F2CC3B /* [CP] Embed Pods Frameworks */ = {
			isa = PBXShellScriptBuildPhase;
			buildActionMask = 2147483647;
			files = (
			);
			inputFileListPaths = (
				"${PODS_ROOT}/Target Support Files/Pods-TomatoClock/Pods-TomatoClock-frameworks-${CONFIGURATION}-input-files.xcfilelist",
			);
			name = "[CP] Embed Pods Frameworks";
			outputFileListPaths = (
				"${PODS_ROOT}/Target Support Files/Pods-TomatoClock/Pods-TomatoClock-frameworks-${CONFIGURATION}-output-files.xcfilelist",
			);
			runOnlyForDeploymentPostprocessing = 0;
			shellPath = /bin/sh;
			shellScript = "\"${PODS_ROOT}/Target Support Files/Pods-TomatoClock/Pods-TomatoClock-frameworks.sh\"\n";
			showEnvVarsInLog = 0;
		};
		9ABEB7328AB576073E3E53BB /* [CP] Check Pods Manifest.lock */ = {
			isa = PBXShellScriptBuildPhase;
			buildActionMask = 2147483647;
			files = (
			);
			inputFileListPaths = (
			);
			inputPaths = (
				"${PODS_PODFILE_DIR_PATH}/Podfile.lock",
				"${PODS_ROOT}/Manifest.lock",
			);
			name = "[CP] Check Pods Manifest.lock";
			outputFileListPaths = (
			);
			outputPaths = (
				"$(DERIVED_FILE_DIR)/Pods-TomatoClockTests-checkManifestLockResult.txt",
			);
			runOnlyForDeploymentPostprocessing = 0;
			shellPath = /bin/sh;
			shellScript = "diff \"${PODS_PODFILE_DIR_PATH}/Podfile.lock\" \"${PODS_ROOT}/Manifest.lock\" > /dev/null\nif [ $? != 0 ] ; then\n    # print error to STDERR\n    echo \"error: The sandbox is not in sync with the Podfile.lock. Run 'pod install' or update your CocoaPods installation.\" >&2\n    exit 1\nfi\n# This output is used by Xcode 'outputs' to avoid re-running this script phase.\necho \"SUCCESS\" > \"${SCRIPT_OUTPUT_FILE_0}\"\n";
			showEnvVarsInLog = 0;
		};
		EA08FFF8B1E34B9F96E4F8AB /* [CP] Check Pods Manifest.lock */ = {
			isa = PBXShellScriptBuildPhase;
			buildActionMask = 2147483647;
			files = (
			);
			inputFileListPaths = (
			);
			inputPaths = (
				"${PODS_PODFILE_DIR_PATH}/Podfile.lock",
				"${PODS_ROOT}/Manifest.lock",
			);
			name = "[CP] Check Pods Manifest.lock";
			outputFileListPaths = (
			);
			outputPaths = (
				"$(DERIVED_FILE_DIR)/Pods-TomatoClock-TomatoClockUITests-checkManifestLockResult.txt",
			);
			runOnlyForDeploymentPostprocessing = 0;
			shellPath = /bin/sh;
			shellScript = "diff \"${PODS_PODFILE_DIR_PATH}/Podfile.lock\" \"${PODS_ROOT}/Manifest.lock\" > /dev/null\nif [ $? != 0 ] ; then\n    # print error to STDERR\n    echo \"error: The sandbox is not in sync with the Podfile.lock. Run 'pod install' or update your CocoaPods installation.\" >&2\n    exit 1\nfi\n# This output is used by Xcode 'outputs' to avoid re-running this script phase.\necho \"SUCCESS\" > \"${SCRIPT_OUTPUT_FILE_0}\"\n";
			showEnvVarsInLog = 0;
		};
/* End PBXShellScriptBuildPhase section */

/* Begin PBXSourcesBuildPhase section */
		5FF43DB125B1650B00071912 /* Sources */ = {
			isa = PBXSourcesBuildPhase;
			buildActionMask = 2147483647;
			files = (
				5FF43DFF25B1721700071912 /* NSString+TimeString.m in Sources */,
				5FF43DC025B1650B00071912 /* ViewController.m in Sources */,
				5FF43DBA25B1650B00071912 /* AppDelegate.m in Sources */,
				5FF43DCB25B1650C00071912 /* main.m in Sources */,
				5FF43DBD25B1650B00071912 /* SceneDelegate.m in Sources */,
			);
			runOnlyForDeploymentPostprocessing = 0;
		};
		5FF43DCC25B1650C00071912 /* Sources */ = {
			isa = PBXSourcesBuildPhase;
			buildActionMask = 2147483647;
			files = (
				5FF43DD525B1650C00071912 /* TomatoClockTests.m in Sources */,
			);
			runOnlyForDeploymentPostprocessing = 0;
		};
		5FF43DD725B1650C00071912 /* Sources */ = {
			isa = PBXSourcesBuildPhase;
			buildActionMask = 2147483647;
			files = (
				5FF43DE025B1650C00071912 /* TomatoClockUITests.m in Sources */,
			);
			runOnlyForDeploymentPostprocessing = 0;
		};
/* End PBXSourcesBuildPhase section */

/* Begin PBXTargetDependency section */
		5FF43DD225B1650C00071912 /* PBXTargetDependency */ = {
			isa = PBXTargetDependency;
			target = 5FF43DB425B1650B00071912 /* TomatoClock */;
			targetProxy = 5FF43DD125B1650C00071912 /* PBXContainerItemProxy */;
		};
		5FF43DDD25B1650C00071912 /* PBXTargetDependency */ = {
			isa = PBXTargetDependency;
			target = 5FF43DB425B1650B00071912 /* TomatoClock */;
			targetProxy = 5FF43DDC25B1650C00071912 /* PBXContainerItemProxy */;
		};
/* End PBXTargetDependency section */

/* Begin PBXVariantGroup section */
		5FF43DC125B1650B00071912 /* Main.storyboard */ = {
			isa = PBXVariantGroup;
			children = (
				5FF43DC225B1650B00071912 /* Base */,
			);
			name = Main.storyboard;
			sourceTree = "<group>";
		};
		5FF43DC625B1650C00071912 /* LaunchScreen.storyboard */ = {
			isa = PBXVariantGroup;
			children = (
				5FF43DC725B1650C00071912 /* Base */,
			);
			name = LaunchScreen.storyboard;
			sourceTree = "<group>";
		};
/* End PBXVariantGroup section */

/* Begin XCBuildConfiguration section */
		5FF43DE225B1650C00071912 /* Debug */ = {
			isa = XCBuildConfiguration;
			buildSettings = {
				ALWAYS_SEARCH_USER_PATHS = NO;
				CLANG_ANALYZER_NONNULL = YES;
				CLANG_ANALYZER_NUMBER_OBJECT_CONVERSION = YES_AGGRESSIVE;
				CLANG_CXX_LANGUAGE_STANDARD = "gnu++14";
				CLANG_CXX_LIBRARY = "libc++";
				CLANG_ENABLE_MODULES = YES;
				CLANG_ENABLE_OBJC_ARC = YES;
				CLANG_ENABLE_OBJC_WEAK = YES;
				CLANG_WARN_BLOCK_CAPTURE_AUTORELEASING = YES;
				CLANG_WARN_BOOL_CONVERSION = YES;
				CLANG_WARN_COMMA = YES;
				CLANG_WARN_CONSTANT_CONVERSION = YES;
				CLANG_WARN_DEPRECATED_OBJC_IMPLEMENTATIONS = YES;
				CLANG_WARN_DIRECT_OBJC_ISA_USAGE = YES_ERROR;
				CLANG_WARN_DOCUMENTATION_COMMENTS = YES;
				CLANG_WARN_EMPTY_BODY = YES;
				CLANG_WARN_ENUM_CONVERSION = YES;
				CLANG_WARN_INFINITE_RECURSION = YES;
				CLANG_WARN_INT_CONVERSION = YES;
				CLANG_WARN_NON_LITERAL_NULL_CONVERSION = YES;
				CLANG_WARN_OBJC_IMPLICIT_RETAIN_SELF = YES;
				CLANG_WARN_OBJC_LITERAL_CONVERSION = YES;
				CLANG_WARN_OBJC_ROOT_CLASS = YES_ERROR;
				CLANG_WARN_QUOTED_INCLUDE_IN_FRAMEWORK_HEADER = YES;
				CLANG_WARN_RANGE_LOOP_ANALYSIS = YES;
				CLANG_WARN_STRICT_PROTOTYPES = YES;
				CLANG_WARN_SUSPICIOUS_MOVE = YES;
				CLANG_WARN_UNGUARDED_AVAILABILITY = YES_AGGRESSIVE;
				CLANG_WARN_UNREACHABLE_CODE = YES;
				CLANG_WARN__DUPLICATE_METHOD_MATCH = YES;
				COPY_PHASE_STRIP = NO;
				DEBUG_INFORMATION_FORMAT = dwarf;
				ENABLE_STRICT_OBJC_MSGSEND = YES;
				ENABLE_TESTABILITY = YES;
				GCC_C_LANGUAGE_STANDARD = gnu11;
				GCC_DYNAMIC_NO_PIC = NO;
				GCC_NO_COMMON_BLOCKS = YES;
				GCC_OPTIMIZATION_LEVEL = 0;
				GCC_PREPROCESSOR_DEFINITIONS = (
					"DEBUG=1",
					"$(inherited)",
				);
				GCC_WARN_64_TO_32_BIT_CONVERSION = YES;
				GCC_WARN_ABOUT_RETURN_TYPE = YES_ERROR;
				GCC_WARN_UNDECLARED_SELECTOR = YES;
				GCC_WARN_UNINITIALIZED_AUTOS = YES_AGGRESSIVE;
				GCC_WARN_UNUSED_FUNCTION = YES;
				GCC_WARN_UNUSED_VARIABLE = YES;
				IPHONEOS_DEPLOYMENT_TARGET = 14.3;
				MTL_ENABLE_DEBUG_INFO = INCLUDE_SOURCE;
				MTL_FAST_MATH = YES;
				ONLY_ACTIVE_ARCH = YES;
				SDKROOT = iphoneos;
			};
			name = Debug;
		};
		5FF43DE325B1650C00071912 /* Release */ = {
			isa = XCBuildConfiguration;
			buildSettings = {
				ALWAYS_SEARCH_USER_PATHS = NO;
				CLANG_ANALYZER_NONNULL = YES;
				CLANG_ANALYZER_NUMBER_OBJECT_CONVERSION = YES_AGGRESSIVE;
				CLANG_CXX_LANGUAGE_STANDARD = "gnu++14";
				CLANG_CXX_LIBRARY = "libc++";
				CLANG_ENABLE_MODULES = YES;
				CLANG_ENABLE_OBJC_ARC = YES;
				CLANG_ENABLE_OBJC_WEAK = YES;
				CLANG_WARN_BLOCK_CAPTURE_AUTORELEASING = YES;
				CLANG_WARN_BOOL_CONVERSION = YES;
				CLANG_WARN_COMMA = YES;
				CLANG_WARN_CONSTANT_CONVERSION = YES;
				CLANG_WARN_DEPRECATED_OBJC_IMPLEMENTATIONS = YES;
				CLANG_WARN_DIRECT_OBJC_ISA_USAGE = YES_ERROR;
				CLANG_WARN_DOCUMENTATION_COMMENTS = YES;
				CLANG_WARN_EMPTY_BODY = YES;
				CLANG_WARN_ENUM_CONVERSION = YES;
				CLANG_WARN_INFINITE_RECURSION = YES;
				CLANG_WARN_INT_CONVERSION = YES;
				CLANG_WARN_NON_LITERAL_NULL_CONVERSION = YES;
				CLANG_WARN_OBJC_IMPLICIT_RETAIN_SELF = YES;
				CLANG_WARN_OBJC_LITERAL_CONVERSION = YES;
				CLANG_WARN_OBJC_ROOT_CLASS = YES_ERROR;
				CLANG_WARN_QUOTED_INCLUDE_IN_FRAMEWORK_HEADER = YES;
				CLANG_WARN_RANGE_LOOP_ANALYSIS = YES;
				CLANG_WARN_STRICT_PROTOTYPES = YES;
				CLANG_WARN_SUSPICIOUS_MOVE = YES;
				CLANG_WARN_UNGUARDED_AVAILABILITY = YES_AGGRESSIVE;
				CLANG_WARN_UNREACHABLE_CODE = YES;
				CLANG_WARN__DUPLICATE_METHOD_MATCH = YES;
				COPY_PHASE_STRIP = NO;
				DEBUG_INFORMATION_FORMAT = "dwarf-with-dsym";
				ENABLE_NS_ASSERTIONS = NO;
				ENABLE_STRICT_OBJC_MSGSEND = YES;
				GCC_C_LANGUAGE_STANDARD = gnu11;
				GCC_NO_COMMON_BLOCKS = YES;
				GCC_WARN_64_TO_32_BIT_CONVERSION = YES;
				GCC_WARN_ABOUT_RETURN_TYPE = YES_ERROR;
				GCC_WARN_UNDECLARED_SELECTOR = YES;
				GCC_WARN_UNINITIALIZED_AUTOS = YES_AGGRESSIVE;
				GCC_WARN_UNUSED_FUNCTION = YES;
				GCC_WARN_UNUSED_VARIABLE = YES;
				IPHONEOS_DEPLOYMENT_TARGET = 14.3;
				MTL_ENABLE_DEBUG_INFO = NO;
				MTL_FAST_MATH = YES;
				SDKROOT = iphoneos;
				VALIDATE_PRODUCT = YES;
			};
			name = Release;
		};
		5FF43DE525B1650C00071912 /* Debug */ = {
			isa = XCBuildConfiguration;
			baseConfigurationReference = 9F4A8AD4BDEE1B7CE2263E69 /* Pods-TomatoClock.debug.xcconfig */;
			buildSettings = {
				ASSETCATALOG_COMPILER_APPICON_NAME = AppIcon;
				ASSETCATALOG_COMPILER_GLOBAL_ACCENT_COLOR_NAME = AccentColor;
				CODE_SIGN_STYLE = Automatic;
				DEVELOPMENT_TEAM = 6T4KK8RRG2;
				INFOPLIST_FILE = TomatoClock/Info.plist;
				LD_RUNPATH_SEARCH_PATHS = (
					"$(inherited)",
					"@executable_path/Frameworks",
				);
				PRODUCT_BUNDLE_IDENTIFIER = com.zlb.tomatoclock.TomatoClock;
				PRODUCT_NAME = "$(TARGET_NAME)";
				TARGETED_DEVICE_FAMILY = "1,2";
			};
			name = Debug;
		};
		5FF43DE625B1650C00071912 /* Release */ = {
			isa = XCBuildConfiguration;
			baseConfigurationReference = 5E8D2F2933C27E4DEFB6D8B8 /* Pods-TomatoClock.release.xcconfig */;
			buildSettings = {
				ASSETCATALOG_COMPILER_APPICON_NAME = AppIcon;
				ASSETCATALOG_COMPILER_GLOBAL_ACCENT_COLOR_NAME = AccentColor;
				CODE_SIGN_STYLE = Automatic;
				DEVELOPMENT_TEAM = 6T4KK8RRG2;
				INFOPLIST_FILE = TomatoClock/Info.plist;
				LD_RUNPATH_SEARCH_PATHS = (
					"$(inherited)",
					"@executable_path/Frameworks",
				);
				PRODUCT_BUNDLE_IDENTIFIER = com.zlb.tomatoclock.TomatoClock;
				PRODUCT_NAME = "$(TARGET_NAME)";
				TARGETED_DEVICE_FAMILY = "1,2";
			};
			name = Release;
		};
		5FF43DE825B1650C00071912 /* Debug */ = {
			isa = XCBuildConfiguration;
			baseConfigurationReference = 36026B94AE4F235B4CCAFD56 /* Pods-TomatoClockTests.debug.xcconfig */;
			buildSettings = {
				BUNDLE_LOADER = "$(TEST_HOST)";
				CODE_SIGN_STYLE = Automatic;
				DEVELOPMENT_TEAM = 6T4KK8RRG2;
				INFOPLIST_FILE = TomatoClockTests/Info.plist;
				IPHONEOS_DEPLOYMENT_TARGET = 14.3;
				LD_RUNPATH_SEARCH_PATHS = (
					"$(inherited)",
					"@executable_path/Frameworks",
					"@loader_path/Frameworks",
				);
				PRODUCT_BUNDLE_IDENTIFIER = com.zlb.tomatoclock.TomatoClockTests;
				PRODUCT_NAME = "$(TARGET_NAME)";
				TARGETED_DEVICE_FAMILY = "1,2";
				TEST_HOST = "$(BUILT_PRODUCTS_DIR)/TomatoClock.app/TomatoClock";
			};
			name = Debug;
		};
		5FF43DE925B1650C00071912 /* Release */ = {
			isa = XCBuildConfiguration;
			baseConfigurationReference = C5D9EF479DF77B2C8B4A1266 /* Pods-TomatoClockTests.release.xcconfig */;
			buildSettings = {
				BUNDLE_LOADER = "$(TEST_HOST)";
				CODE_SIGN_STYLE = Automatic;
				DEVELOPMENT_TEAM = 6T4KK8RRG2;
				INFOPLIST_FILE = TomatoClockTests/Info.plist;
				IPHONEOS_DEPLOYMENT_TARGET = 14.3;
				LD_RUNPATH_SEARCH_PATHS = (
					"$(inherited)",
					"@executable_path/Frameworks",
					"@loader_path/Frameworks",
				);
				PRODUCT_BUNDLE_IDENTIFIER = com.zlb.tomatoclock.TomatoClockTests;
				PRODUCT_NAME = "$(TARGET_NAME)";
				TARGETED_DEVICE_FAMILY = "1,2";
				TEST_HOST = "$(BUILT_PRODUCTS_DIR)/TomatoClock.app/TomatoClock";
			};
			name = Release;
		};
		5FF43DEB25B1650C00071912 /* Debug */ = {
			isa = XCBuildConfiguration;
			baseConfigurationReference = CED1DF9F5516A5B8A9055FAB /* Pods-TomatoClock-TomatoClockUITests.debug.xcconfig */;
			buildSettings = {
				CODE_SIGN_STYLE = Automatic;
				DEVELOPMENT_TEAM = 6T4KK8RRG2;
				INFOPLIST_FILE = TomatoClockUITests/Info.plist;
				LD_RUNPATH_SEARCH_PATHS = (
					"$(inherited)",
					"@executable_path/Frameworks",
					"@loader_path/Frameworks",
				);
				PRODUCT_BUNDLE_IDENTIFIER = com.zlb.tomatoclock.TomatoClockUITests;
				PRODUCT_NAME = "$(TARGET_NAME)";
				TARGETED_DEVICE_FAMILY = "1,2";
				TEST_TARGET_NAME = TomatoClock;
			};
			name = Debug;
		};
		5FF43DEC25B1650C00071912 /* Release */ = {
			isa = XCBuildConfiguration;
			baseConfigurationReference = DF54EBA45B715450EC6E6B92 /* Pods-TomatoClock-TomatoClockUITests.release.xcconfig */;
			buildSettings = {
				CODE_SIGN_STYLE = Automatic;
				DEVELOPMENT_TEAM = 6T4KK8RRG2;
				INFOPLIST_FILE = TomatoClockUITests/Info.plist;
				LD_RUNPATH_SEARCH_PATHS = (
					"$(inherited)",
					"@executable_path/Frameworks",
					"@loader_path/Frameworks",
				);
				PRODUCT_BUNDLE_IDENTIFIER = com.zlb.tomatoclock.TomatoClockUITests;
				PRODUCT_NAME = "$(TARGET_NAME)";
				TARGETED_DEVICE_FAMILY = "1,2";
				TEST_TARGET_NAME = TomatoClock;
			};
			name = Release;
		};
/* End XCBuildConfiguration section */

/* Begin XCConfigurationList section */
		5FF43DB025B1650B00071912 /* Build configuration list for PBXProject "TomatoClock" */ = {
			isa = XCConfigurationList;
			buildConfigurations = (
				5FF43DE225B1650C00071912 /* Debug */,
				5FF43DE325B1650C00071912 /* Release */,
			);
			defaultConfigurationIsVisible = 0;
			defaultConfigurationName = Release;
		};
		5FF43DE425B1650C00071912 /* Build configuration list for PBXNativeTarget "TomatoClock" */ = {
			isa = XCConfigurationList;
			buildConfigurations = (
				5FF43DE525B1650C00071912 /* Debug */,
				5FF43DE625B1650C00071912 /* Release */,
			);
			defaultConfigurationIsVisible = 0;
			defaultConfigurationName = Release;
		};
		5FF43DE725B1650C00071912 /* Build configuration list for PBXNativeTarget "TomatoClockTests" */ = {
			isa = XCConfigurationList;
			buildConfigurations = (
				5FF43DE825B1650C00071912 /* Debug */,
				5FF43DE925B1650C00071912 /* Release */,
			);
			defaultConfigurationIsVisible = 0;
			defaultConfigurationName = Release;
		};
		5FF43DEA25B1650C00071912 /* Build configuration list for PBXNativeTarget "TomatoClockUITests" */ = {
			isa = XCConfigurationList;
			buildConfigurations = (
				5FF43DEB25B1650C00071912 /* Debug */,
				5FF43DEC25B1650C00071912 /* Release */,
			);
			defaultConfigurationIsVisible = 0;
			defaultConfigurationName = Release;
		};
/* End XCConfigurationList section */
	};
	rootObject = 5FF43DAD25B1650B00071912 /* Project object */;
}
